<?xml version="1.0" encoding="utf-8"?>
<Project ToolsVersion="4.0" xmlns="http://schemas.microsoft.com/developer/msbuild/2003">
  <ItemGroup>
    <Filter Include="Source Files">
      <UniqueIdentifier>{4FC737F1-C7A5-4376-A066-2A32D752A2FF}</UniqueIdentifier>
      <Extensions>cpp;c;cc;cxx;c++;cppm;ixx;def;odl;idl;hpj;bat;asm;asmx</Extensions>
    </Filter>
    <Filter Include="Header Files">
      <UniqueIdentifier>{93995380-89BD-4b04-88EB-625FBE52EBFB}</UniqueIdentifier>
      <Extensions>h;hh;hpp;hxx;h++;hm;inl;inc;ipp;xsd</Extensions>
    </Filter>
    <Filter Include="Resource Files">
      <UniqueIdentifier>{67DA6AB6-F800-4c08-8B7A-83BB121AAD01}</UniqueIdentifier>
      <Extensions>rc;ico;cur;bmp;dlg;rc2;rct;bin;rgs;gif;jpg;jpeg;jpe;resx;tiff;tif;png;wav;mfcribbon-ms</Extensions>
    </Filter>
  </ItemGroup>
  <ItemGroup>
    <ClInclude Include="src\decs\Containers\ChunkedVector.h">
      <Filter>Header Files</Filter>
    </ClInclude>
    <ClInclude Include="src\decs\View.h">
      <Filter>Header Files</Filter>
    </ClInclude>
    <ClInclude Include="src\decs\Archetypes\Archetype.h">
      <Filter>Header Files</Filter>
    </ClInclude>
    <ClInclude Include="src\decs\Container.h">
      <Filter>Header Files</Filter>
    </ClInclude>
    <ClInclude Include="src\decs\Core.h">
      <Filter>Header Files</Filter>
    </ClInclude>
    <ClInclude Include="src\decs\decs.h">
      <Filter>Header Files</Filter>
    </ClInclude>
    <ClInclude Include="src\decs\Entity.h">
      <Filter>Header Files</Filter>
    </ClInclude>
    <ClInclude Include="src\decs\EntityData.h">
      <Filter>Header Files</Filter>
    </ClInclude>
    <ClInclude Include="src\decs\Type.h">
      <Filter>Header Files</Filter>
    </ClInclude>
    <ClInclude Include="src\decs\ThirdParty\skarupke\bytell_hash_map.hpp">
      <Filter>Header Files</Filter>
    </ClInclude>
    <ClInclude Include="src\decs\ThirdParty\skarupke\flat_hash_map.hpp">
      <Filter>Header Files</Filter>
    </ClInclude>
    <ClInclude Include="src\decs\ThirdParty\skarupke\unordered_map.hpp">
      <Filter>Header Files</Filter>
    </ClInclude>
    <ClInclude Include="src\decs\EntityManager.h">
      <Filter>Header Files</Filter>
    </ClInclude>
    <ClInclude Include="src\decs\ComponentRefs\ComponentRef.h">
      <Filter>Header Files</Filter>
    </ClInclude>
    <ClInclude Include="src\decs\ComponentRefs\ComponentRefAsVoid.h">
      <Filter>Header Files</Filter>
    </ClInclude>
    <ClInclude Include="src\decs\Archetypes\ArchetypesMap.h">
      <Filter>Header Files</Filter>
    </ClInclude>
    <ClInclude Include="src\decs\ComponentContainers\PackedContainer.h">
      <Filter>Header Files</Filter>
    </ClInclude>
    <ClInclude Include="src\decs\ComponentContainers\StableContainer.h">
      <Filter>Header Files</Filter>
    </ClInclude>
    <ClInclude Include="src\decs\ComponentContext\ComponentContext.h">
      <Filter>Header Files</Filter>
    </ClInclude>
    <ClInclude Include="src\decs\ComponentContext\ComponentContextsManager.h">
      <Filter>Header Files</Filter>
    </ClInclude>
    <ClInclude Include="src\decs\Observers\Observers.h">
      <Filter>Header Files</Filter>
    </ClInclude>
    <ClInclude Include="src\decs\Observers\ObserversManager.h">
      <Filter>Header Files</Filter>
    </ClInclude>
    <ClInclude Include="src\decs\traits.h">
      <Filter>Header Files</Filter>
    </ClInclude>
  </ItemGroup>
  <ItemGroup>
    <ClCompile Include="src\decs\Container.cpp">
      <Filter>Source Files</Filter>
    </ClCompile>
    <ClCompile Include="src\decs\EntityManager.cpp">
      <Filter>Source Files</Filter>
    </ClCompile>
    <ClCompile Include="src\decs\ComponentRefs\ComponentRefAsVoid.cpp">
      <Filter>Source Files</Filter>
    </ClCompile>
    <ClCompile Include="src\decs\Query.h">
      <Filter>Source Files</Filter>
    </ClCompile>
  </ItemGroup>
  <ItemGroup>
    <Text Include="src\decs\ThirdParty\skarupke\License.txt" />
  </ItemGroup>
</Project>