<?xml version="1.0" encoding="utf-8"?>
<Project ToolsVersion="4.0" xmlns="http://schemas.microsoft.com/developer/msbuild/2003">
  <ItemGroup>
    <Filter Include="Source Files">
      <UniqueIdentifier>{4FC737F1-C7A5-4376-A066-2A32D752A2FF}</UniqueIdentifier>
      <Extensions>cpp;c;cc;cxx;c++;cppm;ixx;def;odl;idl;hpj;bat;asm;asmx</Extensions>
    </Filter>
    <Filter Include="Header Files">
      <UniqueIdentifier>{93995380-89BD-4b04-88EB-625FBE52EBFB}</UniqueIdentifier>
      <Extensions>h;hh;hpp;hxx;h++;hm;inl;inc;ipp;xsd</Extensions>
    </Filter>
    <Filter Include="Resource Files">
      <UniqueIdentifier>{67DA6AB6-F800-4c08-8B7A-83BB121AAD01}</UniqueIdentifier>
      <Extensions>rc;ico;cur;bmp;dlg;rc2;rct;bin;rgs;gif;jpg;jpeg;jpe;resx;tiff;tif;png;wav;mfcribbon-ms</Extensions>
    </Filter>
  </ItemGroup>
  <ItemGroup>
    <ClInclude Include="src\decs\Core\TChunkedVector.h">
      <Filter>Header Files</Filter>
    </ClInclude>
    <ClInclude Include="src\decs\Normal\Iteration\Query.h">
      <Filter>Header Files</Filter>
    </ClInclude>
    <ClInclude Include="src\decs\Normal\Archetypes\Archetype.h">
      <Filter>Header Files</Filter>
    </ClInclude>
    <ClInclude Include="src\decs\Normal\Container.h">
      <Filter>Header Files</Filter>
    </ClInclude>
    <ClInclude Include="src\decs\Core\Core.h">
      <Filter>Header Files</Filter>
    </ClInclude>
    <ClInclude Include="src\decs\decs.h">
      <Filter>Header Files</Filter>
    </ClInclude>
    <ClInclude Include="src\decs\Normal\Entity.h">
      <Filter>Header Files</Filter>
    </ClInclude>
    <ClInclude Include="src\decs\Normal\EntityData.h">
      <Filter>Header Files</Filter>
    </ClInclude>
    <ClInclude Include="src\decs\Core\Type.h">
      <Filter>Header Files</Filter>
    </ClInclude>
    <ClInclude Include="src\decs\Normal\EntityManager.h">
      <Filter>Header Files</Filter>
    </ClInclude>
    <ClInclude Include="src\decs\Normal\Archetypes\ArchetypesMap.h">
      <Filter>Header Files</Filter>
    </ClInclude>
    <ClInclude Include="src\decs\Normal\Component\PackedComponentContainer.h">
      <Filter>Header Files</Filter>
    </ClInclude>
    <ClInclude Include="src\decs\Normal\Component\StableComponentContainer.h">
      <Filter>Header Files</Filter>
    </ClInclude>
    <ClInclude Include="src\decs\Normal\Component\ComponentContext.h">
      <Filter>Header Files</Filter>
    </ClInclude>
    <ClInclude Include="src\decs\Normal\Component\ComponentContextsManager.h">
      <Filter>Header Files</Filter>
    </ClInclude>
    <ClInclude Include="src\decs\Normal\Observers\Observers.h">
      <Filter>Header Files</Filter>
    </ClInclude>
    <ClInclude Include="src\decs\Normal\Iteration\IterationCore.h">
      <Filter>Header Files</Filter>
    </ClInclude>
    <ClInclude Include="src\decs\Normal\Utils\ContainerSerializer.h">
      <Filter>Header Files</Filter>
    </ClInclude>
    <ClInclude Include="src\decs\Normal\Utils\ContainerIterator.h">
      <Filter>Header Files</Filter>
    </ClInclude>
    <ClInclude Include="src\decs\Normal\Utils\ContainerSerializerComplex.h">
      <Filter>Header Files</Filter>
    </ClInclude>
    <ClInclude Include="src\decs\Containers\TOrderedList.h">
      <Filter>Header Files</Filter>
    </ClInclude>
    <ClInclude Include="src\decs\Normal\Observers\ObserversManager.h">
      <Filter>Header Files</Filter>
    </ClInclude>
    <ClInclude Include="src\decs\Normal\Component\Component.h">
      <Filter>Header Files</Filter>
    </ClInclude>
    <ClInclude Include="src\decs\Core\trait.h">
      <Filter>Header Files</Filter>
    </ClInclude>
    <ClInclude Include="src\decs\Core\RefCounterHandle.h">
      <Filter>Header Files</Filter>
    </ClInclude>
    <ClInclude Include="src\decs\Core\Memory.h">
      <Filter>Header Files</Filter>
    </ClInclude>
    <ClInclude Include="src\decs\Core\Hash.h">
      <Filter>Header Files</Filter>
    </ClInclude>
    <ClInclude Include="src\decs\Core\check_cast.h">
      <Filter>Header Files</Filter>
    </ClInclude>
    <ClInclude Include="src\decs\Normal\NormalECS.h">
      <Filter>Header Files</Filter>
    </ClInclude>
  </ItemGroup>
  <ItemGroup>
    <ClCompile Include="src\decs\Normal\Container.cpp">
      <Filter>Source Files</Filter>
    </ClCompile>
    <ClCompile Include="src\decs\Normal\EntityManager.cpp">
      <Filter>Source Files</Filter>
    </ClCompile>
    <ClCompile Include="src\decs\Normal\Iteration\MultiQuery.h">
      <Filter>Source Files</Filter>
    </ClCompile>
    <ClCompile Include="src\decs\Normal\Archetypes\ArchetypesMap.cpp">
      <Filter>Source Files</Filter>
    </ClCompile>
    <ClCompile Include="src\decs\Normal\EntityData.cpp">
      <Filter>Source Files</Filter>
    </ClCompile>
    <ClCompile Include="src\decs\Normal\Archetypes\Archetype.cpp">
      <Filter>Source Files</Filter>
    </ClCompile>
    <ClCompile Include="src\decs\Normal\Component\Component.cpp">
      <Filter>Source Files</Filter>
    </ClCompile>
    <ClCompile Include="src\decs\decs.cpp">
      <Filter>Source Files</Filter>
    </ClCompile>
    <ClCompile Include="src\decs\Core\ChunkAllocator.h">
      <Filter>Source Files</Filter>
    </ClCompile>
  </ItemGroup>
</Project>